
Microsoft Visual Studio Solution File, Format Version 12.00
# Visual Studio Version 16
VisualStudioVersion = 16.0.31019.35
MinimumVisualStudioVersion = 10.0.40219.1
Project("{9A19103F-16F7-4668-BE54-9A1E7A4F7556}") = "Blockchain.Business", "Blockchain.Business\Blockchain.Business.csproj", "{0C54D642-7F91-49DE-ABDF-75A0078784F4}"
EndProject
Project("{FAE04EC0-301F-11D3-BF4B-00C04F79EFBC}") = "Blockchain.ConsolApp", "Blockchain.ConsolApp\Blockchain.ConsolApp.csproj", "{8E72278C-8218-4B66-BB1B-8BEB06444676}"
EndProject
Global
	GlobalSection(SolutionConfigurationPlatforms) = preSolution
		Debug|Any CPU = Debug|Any CPU
		Release|Any CPU = Release|Any CPU
	EndGlobalSection
	GlobalSection(ProjectConfigurationPlatforms) = postSolution
		{0C54D642-7F91-49DE-ABDF-75A0078784F4}.Debug|Any CPU.ActiveCfg = Debug|Any CPU
		{0C54D642-7F91-49DE-ABDF-75A0078784F4}.Debug|Any CPU.Build.0 = Debug|Any CPU
		{0C54D642-7F91-49DE-ABDF-75A0078784F4}.Release|Any CPU.ActiveCfg = Release|Any CPU
		{0C54D642-7F91-49DE-ABDF-75A0078784F4}.Release|Any CPU.Build.0 = Release|Any CPU
		{8E72278C-8218-4B66-BB1B-8BEB06444676}.Debug|Any CPU.ActiveCfg = Debug|Any CPU
		{8E72278C-8218-4B66-BB1B-8BEB06444676}.Debug|Any CPU.Build.0 = Debug|Any CPU
		{8E72278C-8218-4B66-BB1B-8BEB06444676}.Release|Any CPU.ActiveCfg = Release|Any CPU
		{8E72278C-8218-4B66-BB1B-8BEB06444676}.Release|Any CPU.Build.0 = Release|Any CPU
	EndGlobalSection
	GlobalSection(SolutionProperties) = preSolution
		HideSolutionNode = FALSE
	EndGlobalSection
	GlobalSection(ExtensibilityGlobals) = postSolution
		SolutionGuid = {3DB75684-CE6B-4788-B304-C6130AE80AE1}
	EndGlobalSection
EndGlobal
